# THIS IS AN AUTOGENERATED FILE. DO NOT EDIT THIS FILE DIRECTLY.
# yarn lockfile v1


"@cspotcode/source-map-support@^0.8.0":
  version "0.8.1"
  resolved "https://registry.yarnpkg.com/@cspotcode/source-map-support/-/source-map-support-0.8.1.tgz#00629c35a688e05a88b1cda684fb9d5e73f000a1"
  integrity sha512-IchNf6dN4tHoMFIn/7OE8LWZ19Y6q/67Bmf6vnGREv8RSbBVb9LPJxEcnwrcwX6ixSvaiGoomAUvu4YSxXrVgw==
  dependencies:
    "@jridgewell/trace-mapping" "0.3.9"

"@jridgewell/resolve-uri@^3.0.3":
  version "3.1.1"
  resolved "https://registry.yarnpkg.com/@jridgewell/resolve-uri/-/resolve-uri-3.1.1.tgz#c08679063f279615a3326583ba3a90d1d82cc721"
  integrity sha512-dSYZh7HhCDtCKm4QakX0xFpsRDqjjtZf/kjI/v3T3Nwt5r8/qz/M19F9ySyOqU94SXBmeG9ttTul+YnR4LOxFA==

"@jridgewell/sourcemap-codec@^1.4.10":
  version "1.4.15"
  resolved "https://registry.yarnpkg.com/@jridgewell/sourcemap-codec/-/sourcemap-codec-1.4.15.tgz#d7c6e6755c78567a951e04ab52ef0fd26de59f32"
  integrity sha512-eF2rxCRulEKXHTRiDrDy6erMYWqNw4LPdQ8UQA4huuxaQsVeRPFl2oM8oDGxMFhJUWZf9McpLtJasDDZb/Bpeg==

"@jridgewell/trace-mapping@0.3.9":
  version "0.3.9"
  resolved "https://registry.yarnpkg.com/@jridgewell/trace-mapping/-/trace-mapping-0.3.9.tgz#6534fd5933a53ba7cbf3a17615e273a0d1273ff9"
  integrity sha512-3Belt6tdc8bPgAtbcmdtNJlirVoTmEb5e2gC94PnkwEW9jI6CAHUeoG85tjWP5WquqfavoMtMwiG4P926ZKKuQ==
  dependencies:
    "@jridgewell/resolve-uri" "^3.0.3"
    "@jridgewell/sourcemap-codec" "^1.4.10"

"@octokit/auth-token@^2.4.4":
  version "2.5.0"
  resolved "https://registry.yarnpkg.com/@octokit/auth-token/-/auth-token-2.5.0.tgz#27c37ea26c205f28443402477ffd261311f21e36"
  integrity sha512-r5FVUJCOLl19AxiuZD2VRZ/ORjp/4IN98Of6YJoJOkY75CIBuYfmiNHGrDwXr+aLGG55igl9QrxX3hbiXlLb+g==
  dependencies:
    "@octokit/types" "^6.0.3"

"@octokit/core@^3.5.1":
  version "3.6.0"
  resolved "https://registry.yarnpkg.com/@octokit/core/-/core-3.6.0.tgz#3376cb9f3008d9b3d110370d90e0a1fcd5fe6085"
  integrity sha512-7RKRKuA4xTjMhY+eG3jthb3hlZCsOwg3rztWh75Xc+ShDWOfDDATWbeZpAHBNRpm4Tv9WgBMOy1zEJYXG6NJ7Q==
  dependencies:
    "@octokit/auth-token" "^2.4.4"
    "@octokit/graphql" "^4.5.8"
    "@octokit/request" "^5.6.3"
    "@octokit/request-error" "^2.0.5"
    "@octokit/types" "^6.0.3"
    before-after-hook "^2.2.0"
    universal-user-agent "^6.0.0"

"@octokit/endpoint@^6.0.1":
  version "6.0.12"
  resolved "https://registry.yarnpkg.com/@octokit/endpoint/-/endpoint-6.0.12.tgz#3b4d47a4b0e79b1027fb8d75d4221928b2d05658"
  integrity sha512-lF3puPwkQWGfkMClXb4k/eUT/nZKQfxinRWJrdZaJO85Dqwo/G0yOC434Jr2ojwafWJMYqFGFa5ms4jJUgujdA==
  dependencies:
    "@octokit/types" "^6.0.3"
    is-plain-object "^5.0.0"
    universal-user-agent "^6.0.0"

"@octokit/graphql@^4.5.8":
  version "4.8.0"
  resolved "https://registry.yarnpkg.com/@octokit/graphql/-/graphql-4.8.0.tgz#664d9b11c0e12112cbf78e10f49a05959aa22cc3"
  integrity sha512-0gv+qLSBLKF0z8TKaSKTsS39scVKF9dbMxJpj3U0vC7wjNWFuIpL/z76Qe2fiuCbDRcJSavkXsVtMS6/dtQQsg==
  dependencies:
    "@octokit/request" "^5.6.0"
    "@octokit/types" "^6.0.3"
    universal-user-agent "^6.0.0"

"@octokit/openapi-types@^12.11.0":
  version "12.11.0"
  resolved "https://registry.yarnpkg.com/@octokit/openapi-types/-/openapi-types-12.11.0.tgz#da5638d64f2b919bca89ce6602d059f1b52d3ef0"
  integrity sha512-VsXyi8peyRq9PqIz/tpqiL2w3w80OgVMwBHltTml3LmVvXiphgeqmY9mvBw9Wu7e0QWk/fqD37ux8yP5uVekyQ==

"@octokit/plugin-paginate-rest@^2.16.8":
  version "2.21.3"
  resolved "https://registry.yarnpkg.com/@octokit/plugin-paginate-rest/-/plugin-paginate-rest-2.21.3.tgz#7f12532797775640dbb8224da577da7dc210c87e"
  integrity sha512-aCZTEf0y2h3OLbrgKkrfFdjRL6eSOo8komneVQJnYecAxIej7Bafor2xhuDJOIFau4pk0i/P28/XgtbyPF0ZHw==
  dependencies:
    "@octokit/types" "^6.40.0"

"@octokit/plugin-request-log@^1.0.4":
  version "1.0.4"
  resolved "https://registry.yarnpkg.com/@octokit/plugin-request-log/-/plugin-request-log-1.0.4.tgz#5e50ed7083a613816b1e4a28aeec5fb7f1462e85"
  integrity sha512-mLUsMkgP7K/cnFEw07kWqXGF5LKrOkD+lhCrKvPHXWDywAwuDUeDwWBpc69XK3pNX0uKiVt8g5z96PJ6z9xCFA==

"@octokit/plugin-rest-endpoint-methods@^5.12.0":
  version "5.16.2"
  resolved "https://registry.yarnpkg.com/@octokit/plugin-rest-endpoint-methods/-/plugin-rest-endpoint-methods-5.16.2.tgz#7ee8bf586df97dd6868cf68f641354e908c25342"
  integrity sha512-8QFz29Fg5jDuTPXVtey05BLm7OB+M8fnvE64RNegzX7U+5NUXcOcnpTIK0YfSHBg8gYd0oxIq3IZTe9SfPZiRw==
  dependencies:
    "@octokit/types" "^6.39.0"
    deprecation "^2.3.1"

"@octokit/request-error@^2.0.5", "@octokit/request-error@^2.1.0":
  version "2.1.0"
  resolved "https://registry.yarnpkg.com/@octokit/request-error/-/request-error-2.1.0.tgz#9e150357831bfc788d13a4fd4b1913d60c74d677"
  integrity sha512-1VIvgXxs9WHSjicsRwq8PlR2LR2x6DwsJAaFgzdi0JfJoGSO8mYI/cHJQ+9FbN21aa+DrgNLnwObmyeSC8Rmpg==
  dependencies:
    "@octokit/types" "^6.0.3"
    deprecation "^2.0.0"
    once "^1.4.0"

"@octokit/request@^5.6.0", "@octokit/request@^5.6.3":
  version "5.6.3"
  resolved "https://registry.yarnpkg.com/@octokit/request/-/request-5.6.3.tgz#19a022515a5bba965ac06c9d1334514eb50c48b0"
  integrity sha512-bFJl0I1KVc9jYTe9tdGGpAMPy32dLBXXo1dS/YwSCTL/2nd9XeHsY616RE3HPXDVk+a+dBuzyz5YdlXwcDTr2A==
  dependencies:
    "@octokit/endpoint" "^6.0.1"
    "@octokit/request-error" "^2.1.0"
    "@octokit/types" "^6.16.1"
    is-plain-object "^5.0.0"
    node-fetch "^2.6.7"
    universal-user-agent "^6.0.0"

"@octokit/rest@^18.12.0":
  version "18.12.0"
  resolved "https://registry.yarnpkg.com/@octokit/rest/-/rest-18.12.0.tgz#f06bc4952fc87130308d810ca9d00e79f6988881"
  integrity sha512-gDPiOHlyGavxr72y0guQEhLsemgVjwRePayJ+FcKc2SJqKUbxbkvf5kAZEWA/MKvsfYlQAMVzNJE3ezQcxMJ2Q==
  dependencies:
    "@octokit/core" "^3.5.1"
    "@octokit/plugin-paginate-rest" "^2.16.8"
    "@octokit/plugin-request-log" "^1.0.4"
    "@octokit/plugin-rest-endpoint-methods" "^5.12.0"

"@octokit/types@^6.0.3", "@octokit/types@^6.16.1", "@octokit/types@^6.39.0", "@octokit/types@^6.40.0":
  version "6.41.0"
  resolved "https://registry.yarnpkg.com/@octokit/types/-/types-6.41.0.tgz#e58ef78d78596d2fb7df9c6259802464b5f84a04"
  integrity sha512-eJ2jbzjdijiL3B4PrSQaSjuF2sPEQPVCPzBvTHJD9Nz+9dw2SGH4K4xeQJ77YfTq5bRQ+bD8wT11JbeDPmxmGg==
  dependencies:
    "@octokit/openapi-types" "^12.11.0"

"@spotify/tsconfig@^12.0.0":
  version "12.0.0"
  resolved "https://registry.yarnpkg.com/@spotify/tsconfig/-/tsconfig-12.0.0.tgz#1e9179bdc26633db5dd2f72da85703495ff1b313"
  integrity sha512-PQNumanWOXp0sm4zRYk1A+iSO4PllRhYeMhCEXrqGniOXb66yf9usD1doOenrU3Qjs44kfZOcUrZaSE0jm2yBQ==

"@tsconfig/node10@^1.0.7":
  version "1.0.9"
  resolved "https://registry.yarnpkg.com/@tsconfig/node10/-/node10-1.0.9.tgz#df4907fc07a886922637b15e02d4cebc4c0021b2"
  integrity sha512-jNsYVVxU8v5g43Erja32laIDHXeoNvFEpX33OK4d6hljo3jDhCBDhx5dhCCTMWUojscpAagGiRkBKxpdl9fxqA==

"@tsconfig/node12@^1.0.7":
  version "1.0.11"
  resolved "https://registry.yarnpkg.com/@tsconfig/node12/-/node12-1.0.11.tgz#ee3def1f27d9ed66dac6e46a295cffb0152e058d"
  integrity sha512-cqefuRsh12pWyGsIoBKJA9luFu3mRxCA+ORZvA4ktLSzIuCUtWVxGIuXigEwO5/ywWFMZ2QEGKWvkZG1zDMTag==

"@tsconfig/node14@^1.0.0":
  version "1.0.3"
  resolved "https://registry.yarnpkg.com/@tsconfig/node14/-/node14-1.0.3.tgz#e4386316284f00b98435bf40f72f75a09dabf6c1"
  integrity sha512-ysT8mhdixWK6Hw3i1V2AeRqZ5WfXg1G43mqoYlM2nc6388Fq5jcXyr5mRsqViLx/GJYdoL0bfXD8nmF+Zn/Iow==

"@tsconfig/node16@^1.0.2":
  version "1.0.4"
  resolved "https://registry.yarnpkg.com/@tsconfig/node16/-/node16-1.0.4.tgz#0b92dcc0cc1c81f6f306a381f28e31b1a56536e9"
  integrity sha512-vxhUy4J8lyeyinH7Azl1pdd43GJhZH/tP2weN8TntQblOY+A0XbT8DJk1/oCPuOOyg/Ja757rG0CgHcWC8OfMA==

"@types/cli-spinner@^0.2.1":
  version "0.2.3"
  resolved "https://registry.yarnpkg.com/@types/cli-spinner/-/cli-spinner-0.2.3.tgz#5bc57d561a7a6a01690a72c324764136b26a562d"
  integrity sha512-TMO6mWltW0lCu1de8DMRq9+59OP/tEjghS+rs8ZEQ2EgYP5yV3bGw0tS14TMyJGqFaoVChNvhkVzv9RC1UgX+w==
  dependencies:
    "@types/node" "*"

"@types/js-yaml@^4.0.5":
  version "4.0.9"
  resolved "https://registry.yarnpkg.com/@types/js-yaml/-/js-yaml-4.0.9.tgz#cd82382c4f902fed9691a2ed79ec68c5898af4c2"
  integrity sha512-k4MGaQl5TGo/iipqb2UDG2UwjXziSWkh0uysQelTlJpX1qGlpUZYm8PnO4DxG1qBomtJUdYJ6qR6xdIah10JLg==

"@types/lodash.mean@^4.1.6":
  version "4.1.9"
  resolved "https://registry.yarnpkg.com/@types/lodash.mean/-/lodash.mean-4.1.9.tgz#10b941e5ce398ed4dc10953b6356dda695daed57"
  integrity sha512-xuUky7eIUQHJoaZBxlfZtEq/xoXERSf/liNAN2l93TCuq9OiRt5E+u3L+XzIMixSYXsVgw4ZDft906GcwQEPBQ==
  dependencies:
    "@types/lodash" "*"

"@types/lodash@*":
  version "4.14.202"
  resolved "https://registry.yarnpkg.com/@types/lodash/-/lodash-4.14.202.tgz#f09dbd2fb082d507178b2f2a5c7e74bd72ff98f8"
  integrity sha512-OvlIYQK9tNneDlS0VN54LLd5uiPCBOp7gS5Z0f1mjoJYBrtStzgmJBxONW3U6OZqdtNzZPmn9BS/7WI7BFFcFQ==

"@types/luxon@^2.3.0":
  version "2.4.0"
  resolved "https://registry.yarnpkg.com/@types/luxon/-/luxon-2.4.0.tgz#897d3abc23b68d78b69d76a12c21e01eb5adab95"
  integrity sha512-oCavjEjRXuR6URJEtQm0eBdfsBiEcGBZbq21of8iGkeKxU1+1xgKuFPClaBZl2KB8ZZBSWlgk61tH6Mf+nvZVw==

"@types/minimist@^1.2.2":
  version "1.2.5"
  resolved "https://registry.yarnpkg.com/@types/minimist/-/minimist-1.2.5.tgz#ec10755e871497bcd83efe927e43ec46e8c0747e"
  integrity sha512-hov8bUuiLiyFPGyFPE1lwWhmzYbirOXQNNo40+y3zow8aFVTeyn3VWL0VFFfdNddA8S4Vf0Tc062rzyNr7Paag==

"@types/node-fetch@^2.6.1":
  version "2.6.10"
  resolved "https://registry.yarnpkg.com/@types/node-fetch/-/node-fetch-2.6.10.tgz#ff5c1ceacab782f2b7ce69957d38c1c27b0dc469"
  integrity sha512-PPpPK6F9ALFTn59Ka3BaL+qGuipRfxNE8qVgkp0bVixeiR2c2/L+IVOiBdu9JhhT22sWnQEp6YyHGI2b2+CMcA==
  dependencies:
    "@types/node" "*"
    form-data "^4.0.0"

"@types/node@*":
  version "20.11.0"
  resolved "https://registry.yarnpkg.com/@types/node/-/node-20.11.0.tgz#8e0b99e70c0c1ade1a86c4a282f7b7ef87c9552f"
  integrity sha512-o9bjXmDNcF7GbM4CNQpmi+TutCgap/K3w1JyKgxAjqx41zp9qlIAVFi0IhCNsJcXolEqLWhbFbEeL0PvYm4pcQ==
  dependencies:
    undici-types "~5.26.4"

"@types/node@^17.0.21":
  version "17.0.45"
  resolved "https://registry.yarnpkg.com/@types/node/-/node-17.0.45.tgz#2c0fafd78705e7a18b7906b5201a522719dc5190"
  integrity sha512-w+tIMs3rq2afQdsPJlODhoUEKzFP1ayaoyl1CcnwtIlsVe7K7bA1NGm4s3PraqTLlXnbIN84zuBlxBWo1u9BLw==

"@types/remarkable@^2.0.3":
  version "2.0.8"
  resolved "https://registry.yarnpkg.com/@types/remarkable/-/remarkable-2.0.8.tgz#e18816db814cdc087e86b0446f6883754d666088"
  integrity sha512-eKXqPZfpQl1kOADjdKchHrp2gwn9qMnGXhH/AtZe0UrklzhGJkawJo/Y/D0AlWcdWoWamFNIum8+/nkAISQVGg==

acorn-walk@^8.1.1:
  version "8.3.1"
  resolved "https://registry.yarnpkg.com/acorn-walk/-/acorn-walk-8.3.1.tgz#2f10f5b69329d90ae18c58bf1fa8fccd8b959a43"
  integrity sha512-TgUZgYvqZprrl7YldZNoa9OciCAyZR+Ejm9eXzKCmjsF5IKp/wgQ7Z/ZpjpGTIUPwrHQIcYeI8qDh4PsEwxMbw==

acorn@^8.4.1:
  version "8.11.3"
  resolved "https://registry.yarnpkg.com/acorn/-/acorn-8.11.3.tgz#71e0b14e13a4ec160724b38fb7b0f233b1b81d7a"
  integrity sha512-Y9rRfJG5jcKOE0CLisYbojUjIrIEE7AGMzA/Sm4BslANhbS+cDMpgBdcPT91oJ7OuJ9hYJBx59RjbhxVnrF8Xg==

arg@^4.1.0:
  version "4.1.3"
  resolved "https://registry.yarnpkg.com/arg/-/arg-4.1.3.tgz#269fc7ad5b8e42cb63c896d5666017261c144089"
  integrity sha512-58S9QDqG0Xx27YwPSt9fJxivjYl432YCwfDMfZ+71RAqUrZef7LrKQZ3LHLOwCS4FLNBplP533Zx895SeOCHvA==

argparse@^2.0.1:
  version "2.0.1"
  resolved "https://registry.yarnpkg.com/argparse/-/argparse-2.0.1.tgz#246f50f3ca78a3240f6c997e8a9bd1eac49e4b38"
  integrity sha512-8+9WqebbFzpX9OR+Wa6O29asIogeRMzcGtAINdpMHHyAg10f05aSFVBbcEqGf/PXw1EjAZ+q2/bEBg3DvurK3Q==

asynckit@^0.4.0:
  version "0.4.0"
  resolved "https://registry.yarnpkg.com/asynckit/-/asynckit-0.4.0.tgz#c79ed97f7f34cb8f2ba1bc9790bcc366474b4b79"
  integrity sha512-Oei9OH4tRh0YqU3GxhX79dM/mwVgvbZJaSNaRk+bshkj0S5cfHcgYakreBjrHwatXKbz+IoIdYLxrKim2MjW0Q==

before-after-hook@^2.2.0:
  version "2.2.3"
  resolved "https://registry.yarnpkg.com/before-after-hook/-/before-after-hook-2.2.3.tgz#c51e809c81a4e354084422b9b26bad88249c517c"
  integrity sha512-NzUnlZexiaH/46WDhANlyR2bXRopNg4F/zuSA3OpZnllCUgRaOF2znDioDWrmbNVsuZk6l9pMquQB38cfBZwkQ==

cli-spinner@^0.2.10:
  version "0.2.10"
  resolved "https://registry.yarnpkg.com/cli-spinner/-/cli-spinner-0.2.10.tgz#f7d617a36f5c47a7bc6353c697fc9338ff782a47"
  integrity sha512-U0sSQ+JJvSLi1pAYuJykwiA8Dsr15uHEy85iCJ6A+0DjVxivr3d+N2Wjvodeg89uP5K6TswFkKBfAD7B3YSn/Q==

combined-stream@^1.0.8:
  version "1.0.8"
  resolved "https://registry.yarnpkg.com/combined-stream/-/combined-stream-1.0.8.tgz#c3d45a8b34fd730631a110a8a2520682b31d5a7f"
  integrity sha512-FQN4MRfuJeHf7cBbBMJFXhKSDq+2kAArBlmRBvcvFE5BB1HZKXtSFASDhdlz9zOYwxh8lDdnvmMOe/+5cdoEdg==
  dependencies:
    delayed-stream "~1.0.0"

create-require@^1.1.0:
  version "1.1.1"
  resolved "https://registry.yarnpkg.com/create-require/-/create-require-1.1.1.tgz#c1d7e8f1e5f6cfc9ff65f9cd352d37348756c333"
  integrity sha512-dcKFX3jn0MpIaXjisoRvexIJVEKzaq7z2rZKxf+MSr9TkdmHmsU4m2lcLojrj/FHl8mk5VxMmYA+ftRkP/3oKQ==

delayed-stream@~1.0.0:
  version "1.0.0"
  resolved "https://registry.yarnpkg.com/delayed-stream/-/delayed-stream-1.0.0.tgz#df3ae199acadfb7d440aaae0b29e2272b24ec619"
  integrity sha512-ZySD7Nf91aLB0RxL4KGrKHBXl7Eds1DAmEdcoVawXnLD7SDhpNgtuII2aAkg7a7QS41jxPSZ17p4VdGnMHk3MQ==

deprecation@^2.0.0, deprecation@^2.3.1:
  version "2.3.1"
  resolved "https://registry.yarnpkg.com/deprecation/-/deprecation-2.3.1.tgz#6368cbdb40abf3373b525ac87e4a260c3a700919"
  integrity sha512-xmHIy4F3scKVwMsQ4WnVaS8bHOx0DmVwRywosKhaILI0ywMDWPtBSku2HNxRvF7jtwDRsoEwYQSfbxj8b7RlJQ==

diff@^4.0.1:
  version "4.0.2"
  resolved "https://registry.yarnpkg.com/diff/-/diff-4.0.2.tgz#60f3aecb89d5fae520c11aa19efc2bb982aade7d"
  integrity sha512-58lmxKSA4BNyLz+HHMUzlOEpg09FV+ev6ZMe3vJihgdxzgcwZ8VoEEPmALCZG9LmqfVoNMMKpttIYTVG6uDY7A==

form-data@^4.0.0:
  version "4.0.0"
  resolved "https://registry.yarnpkg.com/form-data/-/form-data-4.0.0.tgz#93919daeaf361ee529584b9b31664dc12c9fa452"
  integrity sha512-ETEklSGi5t0QMZuiXoA/Q6vcnxcLQP5vdugSpuAyi6SVGi2clPPp+xgEhuMaHC+zGgn31Kd235W35f7Hykkaww==
  dependencies:
    asynckit "^0.4.0"
    combined-stream "^1.0.8"
    mime-types "^2.1.12"

is-plain-object@^5.0.0:
  version "5.0.0"
  resolved "https://registry.yarnpkg.com/is-plain-object/-/is-plain-object-5.0.0.tgz#4427f50ab3429e9025ea7d52e9043a9ef4159344"
  integrity sha512-VRSzKkbMm5jMDoKLbltAkFQ5Qr7VDiTFGXxYFXXowVj387GeGNOCsOH6Msy00SGZ3Fp84b1Naa1psqgcCIEP5Q==

js-yaml@^4.1.0:
  version "4.1.0"
  resolved "https://registry.yarnpkg.com/js-yaml/-/js-yaml-4.1.0.tgz#c1fb65f8f5017901cdd2c951864ba18458a10602"
  integrity sha512-wpxZs9NoxZaJESJGIZTyDEaYpl0FKSA+FB9aJiyemKhMwkxQg63h4T1KJgUGHpTqPDNRcmmYLugrRjJlBtWvRA==
  dependencies:
    argparse "^2.0.1"

lodash.mean@^4.1.0:
  version "4.1.0"
  resolved "https://registry.yarnpkg.com/lodash.mean/-/lodash.mean-4.1.0.tgz#bb985349628c0b9d7fe0f5fcc0011a2ee2c0dd7a"
  integrity sha512-jsaQBmqh/BcoJ2ttTK8LBHto7kufwhMX4DU6x0BE89dywlKPdlgoBXGlzUq9NrN9Ajr5nmGsr5cq/x741fEeZg==

luxon@^2.3.1:
  version "2.5.2"
  resolved "https://registry.yarnpkg.com/luxon/-/luxon-2.5.2.tgz#17ed497f0277e72d58a4756d6a9abee4681457b6"
  integrity sha512-Yg7/RDp4nedqmLgyH0LwgGRvMEKVzKbUdkBYyCosbHgJ+kaOUx0qzSiSatVc3DFygnirTPYnMM2P5dg2uH1WvA==

make-error@^1.1.1:
  version "1.3.6"
  resolved "https://registry.yarnpkg.com/make-error/-/make-error-1.3.6.tgz#2eb2e37ea9b67c4891f684a1394799af484cf7a2"
  integrity sha512-s8UhlNe7vPKomQhC1qFelMokr/Sc3AgNbso3n74mVPA5LTZwkB9NlXf4XPamLxJE8h0gh73rM94xvwRT2CVInw==

mime-db@1.52.0:
  version "1.52.0"
  resolved "https://registry.yarnpkg.com/mime-db/-/mime-db-1.52.0.tgz#bbabcdc02859f4987301c856e3387ce5ec43bf70"
  integrity sha512-sPU4uV7dYlvtWJxwwxHD0PuihVNiE7TyAbQ5SWxDCB9mUYvOgroQOwYQQOKPJ8CIbE+1ETVlOoK1UC2nU3gYvg==

mime-types@^2.1.12:
  version "2.1.35"
  resolved "https://registry.yarnpkg.com/mime-types/-/mime-types-2.1.35.tgz#381a871b62a734450660ae3deee44813f70d959a"
  integrity sha512-ZDY+bPm5zTTF+YpCrAU9nK0UgICYPT0QtT1NZWFv4s++TNkcgVaT0g6+4R2uI4MjQjzysHB1zxuWL50hzaeXiw==
  dependencies:
    mime-db "1.52.0"

minimist@^1.2.6:
  version "1.2.8"
  resolved "https://registry.yarnpkg.com/minimist/-/minimist-1.2.8.tgz#c1a464e7693302e082a075cee0c057741ac4772c"
  integrity sha512-2yyAR8qBkN3YuheJanUpWC5U3bb5osDywNB8RzDVlDwDHbocAJveqqj1u8+SVD7jkWT4yvsHCpWqqWqAxb0zCA==

node-fetch@^2.0.0, node-fetch@^2.6.7:
  version "2.7.0"
  resolved "https://registry.yarnpkg.com/node-fetch/-/node-fetch-2.7.0.tgz#d0f0fa6e3e2dc1d27efcd8ad99d550bda94d187d"
  integrity sha512-c4FRfUm/dbcWZ7U+1Wq0AwCyFL+3nt2bEw05wfxSz+DWpWsitgmSgYmy2dQdWyKC1694ELPqMs/YzUSNozLt8A==
  dependencies:
    whatwg-url "^5.0.0"

once@^1.4.0:
  version "1.4.0"
  resolved "https://registry.yarnpkg.com/once/-/once-1.4.0.tgz#583b1aa775961d4b113ac17d9c50baef9dd76bd1"
  integrity sha512-lNaJgI+2Q5URQBkccEKHTQOPaXdUxnZZElQTZY0MFUAuaEqe1E+Nyvgdz/aIyNi6Z9MzO5dv1H8n58/GELp3+w==
  dependencies:
    wrappy "1"

percentile@^1.6.0:
  version "1.6.0"
  resolved "https://registry.yarnpkg.com/percentile/-/percentile-1.6.0.tgz#c847b35a4d0a4e52235e16742aa3f317ce957293"
  integrity sha512-8vSyjdzwxGDHHwH+cSGch3A9Uj2On3UpgOWxWXMKwUvoAbnujx6DaqmV1duWXNiH/oEWpyVd6nSQccix6DM3Ng==

tr46@~0.0.3:
  version "0.0.3"
  resolved "https://registry.yarnpkg.com/tr46/-/tr46-0.0.3.tgz#8184fd347dac9cdc185992f3a6622e14b9d9ab6a"
  integrity sha512-N3WMsuqV66lT30CrXNbEjx4GEwlow3v6rr4mCcv6prnfwhS01rkgyFdjPNBYd9br7LpXV1+Emh01fHnq2Gdgrw==

ts-node@^10.7.0:
  version "10.9.2"
  resolved "https://registry.yarnpkg.com/ts-node/-/ts-node-10.9.2.tgz#70f021c9e185bccdca820e26dc413805c101c71f"
  integrity sha512-f0FFpIdcHgn8zcPSbf1dRevwt047YMnaiJM3u2w2RewrB+fob/zePZcrOyQoLMMO7aBIddLcQIEK5dYjkLnGrQ==
  dependencies:
    "@cspotcode/source-map-support" "^0.8.0"
    "@tsconfig/node10" "^1.0.7"
    "@tsconfig/node12" "^1.0.7"
    "@tsconfig/node14" "^1.0.0"
    "@tsconfig/node16" "^1.0.2"
    acorn "^8.4.1"
    acorn-walk "^8.1.1"
    arg "^4.1.0"
    create-require "^1.1.0"
    diff "^4.0.1"
    make-error "^1.1.1"
    v8-compile-cache-lib "^3.0.1"
    yn "3.1.1"

typescript@^4.6.2:
  version "4.9.5"
  resolved "https://registry.yarnpkg.com/typescript/-/typescript-4.9.5.tgz#095979f9bcc0d09da324d58d03ce8f8374cbe65a"
  integrity sha512-1FXk9E2Hm+QzZQ7z+McJiHL4NW1F2EzMu9Nq9i3zAaGqibafqYwCVU6WyWAuyQRRzOlxou8xZSyXLEN8oKj24g==

undici-types@~5.26.4:
  version "5.26.5"
  resolved "https://registry.yarnpkg.com/undici-types/-/undici-types-5.26.5.tgz#bcd539893d00b56e964fd2657a4866b221a65617"
  integrity sha512-JlCMO+ehdEIKqlFxk6IfVoAUVmgz7cU7zD/h9XZ0qzeosSHmUJVOzSQvvYSYWXkFXC+IfLKSIffhv0sVZup6pA==

universal-user-agent@^6.0.0:
  version "6.0.1"
  resolved "https://registry.yarnpkg.com/universal-user-agent/-/universal-user-agent-6.0.1.tgz#15f20f55da3c930c57bddbf1734c6654d5fd35aa"
  integrity sha512-yCzhz6FN2wU1NiiQRogkTQszlQSlpWaw8SvVegAc+bDxbzHgh1vX8uIe8OYyMH6DwH+sdTJsgMl36+mSMdRJIQ==

v8-compile-cache-lib@^3.0.1:
  version "3.0.1"
  resolved "https://registry.yarnpkg.com/v8-compile-cache-lib/-/v8-compile-cache-lib-3.0.1.tgz#6336e8d71965cb3d35a1bbb7868445a7c05264bf"
  integrity sha512-wa7YjyUGfNZngI/vtK0UHAN+lgDCxBPCylVXGp0zu59Fz5aiGtNXaq3DhIov063MorB+VfufLh3JlF2KdTK3xg==

webidl-conversions@^3.0.0:
  version "3.0.1"
  resolved "https://registry.yarnpkg.com/webidl-conversions/-/webidl-conversions-3.0.1.tgz#24534275e2a7bc6be7bc86611cc16ae0a5654871"
  integrity sha512-2JAn3z8AR6rjK8Sm8orRC0h/bcl/DqL7tRPdGZ4I1CjdF+EaMLmYxBHyXuKL849eucPFhvBoxMsflfOb8kxaeQ==

whatwg-url@^5.0.0:
  version "5.0.0"
  resolved "https://registry.yarnpkg.com/whatwg-url/-/whatwg-url-5.0.0.tgz#966454e8765462e37644d3626f6742ce8b70965d"
  integrity sha512-saE57nupxk6v3HY35+jzBwYa0rKSy0XR8JSxZPwgLr7ys0IBzhGviA1/TUGJLmSVqs8pb9AnvICXEuOHLprYTw==
  dependencies:
    tr46 "~0.0.3"
    webidl-conversions "^3.0.0"

wrappy@1:
  version "1.0.2"
  resolved "https://registry.yarnpkg.com/wrappy/-/wrappy-1.0.2.tgz#b5243d8f3ec1aa35f1364605bc0d1036e30ab69f"
  integrity sha512-l4Sp/DRseor9wL6EvV2+TuQn63dMkPjZ/sp9XkghTEbV9KlPS1xUsZ3u7/IQO4wxtcFB4bgpQPRcR3QCvezPcQ==

yn@3.1.1:
  version "3.1.1"
  resolved "https://registry.yarnpkg.com/yn/-/yn-3.1.1.tgz#1e87401a09d767c1d5eab26a6e4c185182d2eb50"
  integrity sha512-Ux4ygGWsu2c7isFWe8Yu1YluJmqVhxqK2cLXNQA5AcC3QfbGNpM7fu0Y8b/z16pXLnFxZYvWhd3fhBY9DLmC6Q==
